
Microsoft Visual Studio Solution File, Format Version 12.00
# Visual Studio Version 16
VisualStudioVersion = 16.0.29609.76
MinimumVisualStudioVersion = 10.0.40219.1
Project("{FAE04EC0-301F-11D3-BF4B-00C04F79EFBC}") = "WebApp.Tests", "WebApp.Tests.csproj", "{64D093D4-A221-43BE-B4EC-E1183352F3BE}"
EndProject
Global
	GlobalSection(SolutionConfigurationPlatforms) = preSolution
		Debug|Any CPU = Debug|Any CPU
		Release|Any CPU = Release|Any CPU
	EndGlobalSection
	GlobalSection(ProjectConfigurationPlatforms) = postSolution
		{64D093D4-A221-43BE-B4EC-E1183352F3BE}.Debug|Any CPU.ActiveCfg = Debug|Any CPU
		{64D093D4-A221-43BE-B4EC-E1183352F3BE}.Debug|Any CPU.Build.0 = Debug|Any CPU
		{64D093D4-A221-43BE-B4EC-E1183352F3BE}.Release|Any CPU.ActiveCfg = Release|Any CPU
		{64D093D4-A221-43BE-B4EC-E1183352F3BE}.Release|Any CPU.Build.0 = Release|Any CPU
	EndGlobalSection
	GlobalSection(SolutionProperties) = preSolution
		HideSolutionNode = FALSE
	EndGlobalSection
	GlobalSection(ExtensibilityGlobals) = postSolution
		SolutionGuid = {01ABA1B1-4DFE-4F3D-99A0-C7E9B7805477}
	EndGlobalSection
EndGlobal
